<?xml version="1.0" encoding="utf-8"?>
<Project ToolsVersion="4.0" xmlns="http://schemas.microsoft.com/developer/msbuild/2003">
  <ItemGroup>
    <Filter Include="Source Files">
      <UniqueIdentifier>{8f0b4718-668c-4f32-a8ab-83e5cd9e1a50}</UniqueIdentifier>
      <Extensions>cpp;c;cxx;rc;def;r;odl;idl;hpj;bat</Extensions>
    </Filter>
    <Filter Include="Header Files">
      <UniqueIdentifier>{f537d809-77e6-488d-8582-a83d5366ae35}</UniqueIdentifier>
      <Extensions>h;hpp;hxx;hm;inl</Extensions>
    </Filter>
    <Filter Include="Resource Files">
      <UniqueIdentifier>{d91846f0-1a11-49f8-b96c-3d130e1d40d6}</UniqueIdentifier>
      <Extensions>ico;cur;bmp;dlg;rc2;rct;bin;rgs;gif;jpg;jpeg;jpe</Extensions>
    </Filter>
  </ItemGroup>
  <ItemGroup>
    <ClCompile Include="extractfuncs.c">
      <Filter>Source Files</Filter>
    </ClCompile>
    <ClCompile Include="l_log.c">
      <Filter>Source Files</Filter>
    </ClCompile>
    <ClCompile Include="l_memory.c">
      <Filter>Source Files</Filter>
    </ClCompile>
    <ClCompile Include="l_precomp.c">
      <Filter>Source Files</Filter>
    </ClCompile>
    <ClCompile Include="l_script.c">
      <Filter>Source Files</Filter>
    </ClCompile>
  </ItemGroup>
  <ItemGroup>
    <ClInclude Include="..\botlib\be_interface.h">
      <Filter>Header Files</Filter>
    </ClInclude>
    <ClInclude Include="..\game\botlib.h">
      <Filter>Header Files</Filter>
    </ClInclude>
    <ClInclude Include="..\bspc\l_bsp_ent.h">
      <Filter>Header Files</Filter>
    </ClInclude>
    <ClInclude Include="..\bspc\l_bsp_q2.h">
      <Filter>Header Files</Filter>
    </ClInclude>
    <ClInclude Include="..\bspc\l_cmd.h">
      <Filter>Header Files</Filter>
    </ClInclude>
    <ClInclude Include="..\bspc\l_log.h">
      <Filter>Header Files</Filter>
    </ClInclude>
    <ClInclude Include="l_log.h">
      <Filter>Header Files</Filter>
    </ClInclude>
    <ClInclude Include="..\bspc\l_math.h">
      <Filter>Header Files</Filter>
    </ClInclude>
    <ClInclude Include="..\bspc\l_mem.h">
      <Filter>Header Files</Filter>
    </ClInclude>
    <ClInclude Include="l_memory.h">
      <Filter>Header Files</Filter>
    </ClInclude>
    <ClInclude Include="..\bspc\l_poly.h">
      <Filter>Header Files</Filter>
    </ClInclude>
    <ClInclude Include="l_precomp.h">
      <Filter>Header Files</Filter>
    </ClInclude>
    <ClInclude Include="..\bspc\l_qfiles.h">
      <Filter>Header Files</Filter>
    </ClInclude>
    <ClInclude Include="l_script.h">
      <Filter>Header Files</Filter>
    </ClInclude>
    <ClInclude Include="..\botlib\l_script.h">
      <Filter>Header Files</Filter>
    </ClInclude>
    <ClInclude Include="..\bspc\l_threads.h">
      <Filter>Header Files</Filter>
    </ClInclude>
    <ClInclude Include="..\bspc\l_utils.h">
      <Filter>Header Files</Filter>
    </ClInclude>
    <ClInclude Include="..\bspc\q2files.h">
      <Filter>Header Files</Filter>
    </ClInclude>
    <ClInclude Include="..\game\q_shared.h">
      <Filter>Header Files</Filter>
    </ClInclude>
    <ClInclude Include="..\bspc\qbsp.h">
      <Filter>Header Files</Filter>
    </ClInclude>
    <ClInclude Include="..\bspc\qfiles.h">
      <Filter>Header Files</Filter>
    </ClInclude>
    <ClInclude Include="..\game\surfaceflags.h">
      <Filter>Header Files</Filter>
    </ClInclude>
    <ClInclude Include="..\qcommon\unzip.h">
      <Filter>Header Files</Filter>
    </ClInclude>
  </ItemGroup>
  <ItemGroup>
    <CustomBuild Include="extractfuncs.bat">
      <Filter>Source Files</Filter>
    </CustomBuild>
  </ItemGroup>
</Project>