<?xml version="1.0" encoding="utf-8"?>
<Project ToolsVersion="4.0" xmlns="http://schemas.microsoft.com/developer/msbuild/2003">
  <ItemGroup>
    <Filter Include="Source Files">
      <UniqueIdentifier>{4205dfb8-185b-4f21-97b8-3749faa68504}</UniqueIdentifier>
      <Extensions>cpp;c;cxx;rc;def;r;odl;hpj;bat;for;f90</Extensions>
    </Filter>
    <Filter Include="Header Files">
      <UniqueIdentifier>{b9cc9477-ce1c-4cdd-a963-65e01667e3b0}</UniqueIdentifier>
      <Extensions>h;hpp;hxx;hm;inl;fi;fd</Extensions>
    </Filter>
    <Filter Include="Resource Files">
      <UniqueIdentifier>{12b53c03-735d-462d-b1ef-45ec00e4d5ec}</UniqueIdentifier>
      <Extensions>ico;cur;bmp;dlg;rc2;rct;bin;cnt;rtf;gif;jpg;jpeg;jpe</Extensions>
    </Filter>
  </ItemGroup>
  <ItemGroup>
    <ClCompile Include="ai_cast.c">
      <Filter>Source Files</Filter>
    </ClCompile>
    <ClCompile Include="ai_cast_characters.c">
      <Filter>Source Files</Filter>
    </ClCompile>
    <ClCompile Include="ai_cast_debug.c">
      <Filter>Source Files</Filter>
    </ClCompile>
    <ClCompile Include="ai_cast_events.c">
      <Filter>Source Files</Filter>
    </ClCompile>
    <ClCompile Include="ai_cast_fight.c">
      <Filter>Source Files</Filter>
    </ClCompile>
    <ClCompile Include="ai_cast_func_attack.c">
      <Filter>Source Files</Filter>
    </ClCompile>
    <ClCompile Include="ai_cast_func_boss1.c">
      <Filter>Source Files</Filter>
    </ClCompile>
    <ClCompile Include="ai_cast_funcs.c">
      <Filter>Source Files</Filter>
    </ClCompile>
    <ClCompile Include="ai_cast_script.c">
      <Filter>Source Files</Filter>
    </ClCompile>
    <ClCompile Include="ai_cast_script_actions.c">
      <Filter>Source Files</Filter>
    </ClCompile>
    <ClCompile Include="ai_cast_script_ents.c">
      <Filter>Source Files</Filter>
    </ClCompile>
    <ClCompile Include="ai_cast_sight.c">
      <Filter>Source Files</Filter>
    </ClCompile>
    <ClCompile Include="ai_cast_think.c">
      <Filter>Source Files</Filter>
    </ClCompile>
    <ClCompile Include="..\botai\ai_chat.c">
      <Filter>Source Files</Filter>
    </ClCompile>
    <ClCompile Include="..\botai\ai_cmd.c">
      <Filter>Source Files</Filter>
    </ClCompile>
    <ClCompile Include="..\botai\ai_dmnet.c">
      <Filter>Source Files</Filter>
    </ClCompile>
    <ClCompile Include="..\botai\ai_dmq3.c">
      <Filter>Source Files</Filter>
    </ClCompile>
    <ClCompile Include="..\botai\ai_main.c">
      <Filter>Source Files</Filter>
    </ClCompile>
    <ClCompile Include="..\botai\ai_team.c">
      <Filter>Source Files</Filter>
    </ClCompile>
    <ClCompile Include="bg_animation.c">
      <Filter>Source Files</Filter>
    </ClCompile>
    <ClCompile Include="bg_lib.c">
      <Filter>Source Files</Filter>
    </ClCompile>
    <ClCompile Include="bg_misc.c">
      <Filter>Source Files</Filter>
    </ClCompile>
    <ClCompile Include="bg_pmove.c">
      <Filter>Source Files</Filter>
    </ClCompile>
    <ClCompile Include="bg_slidemove.c">
      <Filter>Source Files</Filter>
    </ClCompile>
    <ClCompile Include="g_active.c">
      <Filter>Source Files</Filter>
    </ClCompile>
    <ClCompile Include="g_alarm.c">
      <Filter>Source Files</Filter>
    </ClCompile>
    <ClCompile Include="g_bot.c">
      <Filter>Source Files</Filter>
    </ClCompile>
    <ClCompile Include="g_client.c">
      <Filter>Source Files</Filter>
    </ClCompile>
    <ClCompile Include="g_cmds.c">
      <Filter>Source Files</Filter>
    </ClCompile>
    <ClCompile Include="g_combat.c">
      <Filter>Source Files</Filter>
    </ClCompile>
    <ClCompile Include="g_items.c">
      <Filter>Source Files</Filter>
    </ClCompile>
    <ClCompile Include="g_main.c">
      <Filter>Source Files</Filter>
    </ClCompile>
    <ClCompile Include="g_mem.c">
      <Filter>Source Files</Filter>
    </ClCompile>
    <ClCompile Include="g_misc.c">
      <Filter>Source Files</Filter>
    </ClCompile>
    <ClCompile Include="g_missile.c">
      <Filter>Source Files</Filter>
    </ClCompile>
    <ClCompile Include="g_mover.c">
      <Filter>Source Files</Filter>
    </ClCompile>
    <ClCompile Include="g_props.c">
      <Filter>Source Files</Filter>
    </ClCompile>
    <ClCompile Include="g_save.c">
      <Filter>Source Files</Filter>
    </ClCompile>
    <ClCompile Include="g_script.c">
      <Filter>Source Files</Filter>
    </ClCompile>
    <ClCompile Include="g_script_actions.c">
      <Filter>Source Files</Filter>
    </ClCompile>
    <ClCompile Include="g_session.c">
      <Filter>Source Files</Filter>
    </ClCompile>
    <ClCompile Include="g_spawn.c">
      <Filter>Source Files</Filter>
    </ClCompile>
    <ClCompile Include="g_svcmds.c">
      <Filter>Source Files</Filter>
    </ClCompile>
    <ClCompile Include="g_syscalls.c">
      <Filter>Source Files</Filter>
    </ClCompile>
    <ClCompile Include="g_target.c">
      <Filter>Source Files</Filter>
    </ClCompile>
    <ClCompile Include="g_team.c">
      <Filter>Source Files</Filter>
    </ClCompile>
    <ClCompile Include="g_tramcar.c">
      <Filter>Source Files</Filter>
    </ClCompile>
    <ClCompile Include="g_trigger.c">
      <Filter>Source Files</Filter>
    </ClCompile>
    <ClCompile Include="g_utils.c">
      <Filter>Source Files</Filter>
    </ClCompile>
    <ClCompile Include="g_weapon.c">
      <Filter>Source Files</Filter>
    </ClCompile>
    <ClCompile Include="q_math.c">
      <Filter>Source Files</Filter>
    </ClCompile>
    <ClCompile Include="q_shared.c">
      <Filter>Source Files</Filter>
    </ClCompile>
  </ItemGroup>
  <ItemGroup>
    <None Include="game.def">
      <Filter>Source Files</Filter>
    </None>
  </ItemGroup>
  <ItemGroup>
    <ClInclude Include="ai_cast.h">
      <Filter>Header Files</Filter>
    </ClInclude>
    <ClInclude Include="ai_cast_fight.h">
      <Filter>Header Files</Filter>
    </ClInclude>
    <ClInclude Include="ai_cast_global.h">
      <Filter>Header Files</Filter>
    </ClInclude>
    <ClInclude Include="..\botai\ai_chat.h">
      <Filter>Header Files</Filter>
    </ClInclude>
    <ClInclude Include="..\botai\ai_cmd.h">
      <Filter>Header Files</Filter>
    </ClInclude>
    <ClInclude Include="..\botai\ai_dmnet.h">
      <Filter>Header Files</Filter>
    </ClInclude>
    <ClInclude Include="..\botai\ai_dmq3.h">
      <Filter>Header Files</Filter>
    </ClInclude>
    <ClInclude Include="..\botai\ai_main.h">
      <Filter>Header Files</Filter>
    </ClInclude>
    <ClInclude Include="..\botai\ai_team.h">
      <Filter>Header Files</Filter>
    </ClInclude>
    <ClInclude Include="be_aas.h">
      <Filter>Header Files</Filter>
    </ClInclude>
    <ClInclude Include="be_ai_char.h">
      <Filter>Header Files</Filter>
    </ClInclude>
    <ClInclude Include="be_ai_chat.h">
      <Filter>Header Files</Filter>
    </ClInclude>
    <ClInclude Include="be_ai_gen.h">
      <Filter>Header Files</Filter>
    </ClInclude>
    <ClInclude Include="be_ai_goal.h">
      <Filter>Header Files</Filter>
    </ClInclude>
    <ClInclude Include="be_ai_move.h">
      <Filter>Header Files</Filter>
    </ClInclude>
    <ClInclude Include="be_ai_weap.h">
      <Filter>Header Files</Filter>
    </ClInclude>
    <ClInclude Include="be_ea.h">
      <Filter>Header Files</Filter>
    </ClInclude>
    <ClInclude Include="bg_local.h">
      <Filter>Header Files</Filter>
    </ClInclude>
    <ClInclude Include="bg_public.h">
      <Filter>Header Files</Filter>
    </ClInclude>
    <ClInclude Include="..\botai\botai.h">
      <Filter>Header Files</Filter>
    </ClInclude>
    <ClInclude Include="botlib.h">
      <Filter>Header Files</Filter>
    </ClInclude>
    <ClInclude Include="..\botai\chars.h">
      <Filter>Header Files</Filter>
    </ClInclude>
    <ClInclude Include="g_local.h">
      <Filter>Header Files</Filter>
    </ClInclude>
    <ClInclude Include="g_public.h">
      <Filter>Header Files</Filter>
    </ClInclude>
    <ClInclude Include="g_team.h">
      <Filter>Header Files</Filter>
    </ClInclude>
    <ClInclude Include="..\botai\inv.h">
      <Filter>Header Files</Filter>
    </ClInclude>
    <ClInclude Include="..\botai\match.h">
      <Filter>Header Files</Filter>
    </ClInclude>
    <ClInclude Include="q_shared.h">
      <Filter>Header Files</Filter>
    </ClInclude>
    <ClInclude Include="surfaceflags.h">
      <Filter>Header Files</Filter>
    </ClInclude>
    <ClInclude Include="..\botai\syn.h">
      <Filter>Header Files</Filter>
    </ClInclude>
  </ItemGroup>
</Project>